
Microsoft Visual Studio Solution File, Format Version 12.00
# Visual Studio Version 17
VisualStudioVersion = 17.9.34728.123
MinimumVisualStudioVersion = 10.0.40219.1
Project("{9A19103F-16F7-4668-BE54-9A1E7A4F7556}") = "Produto", "Produto\Produto.csproj", "{3191B34E-DDB7-4289-A025-378B2A0BE81D}"
EndProject
Project("{FAE04EC0-301F-11D3-BF4B-00C04F79EFBC}") = "WinProdutos", "WinProdutos\WinProdutos.csproj", "{3DEB6567-B21E-42D1-90F7-F847D5D653B5}"
EndProject
Project("{FAE04EC0-301F-11D3-BF4B-00C04F79EFBC}") = "Models", "Models\Models.csproj", "{4F4FE330-0557-4B51-8A7E-7F6B401FBB0C}"
EndProject
Global
	GlobalSection(SolutionConfigurationPlatforms) = preSolution
		Debug|Any CPU = Debug|Any CPU
		Release|Any CPU = Release|Any CPU
	EndGlobalSection
	GlobalSection(ProjectConfigurationPlatforms) = postSolution
		{3191B34E-DDB7-4289-A025-378B2A0BE81D}.Debug|Any CPU.ActiveCfg = Debug|Any CPU
		{3191B34E-DDB7-4289-A025-378B2A0BE81D}.Debug|Any CPU.Build.0 = Debug|Any CPU
		{3191B34E-DDB7-4289-A025-378B2A0BE81D}.Release|Any CPU.ActiveCfg = Release|Any CPU
		{3191B34E-DDB7-4289-A025-378B2A0BE81D}.Release|Any CPU.Build.0 = Release|Any CPU
		{3DEB6567-B21E-42D1-90F7-F847D5D653B5}.Debug|Any CPU.ActiveCfg = Debug|Any CPU
		{3DEB6567-B21E-42D1-90F7-F847D5D653B5}.Debug|Any CPU.Build.0 = Debug|Any CPU
		{3DEB6567-B21E-42D1-90F7-F847D5D653B5}.Release|Any CPU.ActiveCfg = Release|Any CPU
		{3DEB6567-B21E-42D1-90F7-F847D5D653B5}.Release|Any CPU.Build.0 = Release|Any CPU
		{4F4FE330-0557-4B51-8A7E-7F6B401FBB0C}.Debug|Any CPU.ActiveCfg = Debug|Any CPU
		{4F4FE330-0557-4B51-8A7E-7F6B401FBB0C}.Debug|Any CPU.Build.0 = Debug|Any CPU
		{4F4FE330-0557-4B51-8A7E-7F6B401FBB0C}.Release|Any CPU.ActiveCfg = Release|Any CPU
		{4F4FE330-0557-4B51-8A7E-7F6B401FBB0C}.Release|Any CPU.Build.0 = Release|Any CPU
	EndGlobalSection
	GlobalSection(SolutionProperties) = preSolution
		HideSolutionNode = FALSE
	EndGlobalSection
	GlobalSection(ExtensibilityGlobals) = postSolution
		SolutionGuid = {9DBBB2A2-6AA0-415E-BAEB-C4F490BAF308}
	EndGlobalSection
EndGlobal
